
Microsoft Visual Studio Solution File, Format Version 12.00
# Visual Studio Version 17
VisualStudioVersion = 17.1.32228.430
MinimumVisualStudioVersion = 10.0.40219.1
Project("{FAE04EC0-301F-11D3-BF4B-00C04F79EFBC}") = "JTTTA_WEB_2", "JTTTA_WEB_2\JTTTA_WEB_2.csproj", "{4B2E3553-7B38-42B5-B303-5323881E9FD5}"
EndProject
Global
	GlobalSection(SolutionConfigurationPlatforms) = preSolution
		Debug|Any CPU = Debug|Any CPU
		Release|Any CPU = Release|Any CPU
	EndGlobalSection
	GlobalSection(ProjectConfigurationPlatforms) = postSolution
		{4B2E3553-7B38-42B5-B303-5323881E9FD5}.Debug|Any CPU.ActiveCfg = Debug|Any CPU
		{4B2E3553-7B38-42B5-B303-5323881E9FD5}.Debug|Any CPU.Build.0 = Debug|Any CPU
		{4B2E3553-7B38-42B5-B303-5323881E9FD5}.Release|Any CPU.ActiveCfg = Release|Any CPU
		{4B2E3553-7B38-42B5-B303-5323881E9FD5}.Release|Any CPU.Build.0 = Release|Any CPU
	EndGlobalSection
	GlobalSection(SolutionProperties) = preSolution
		HideSolutionNode = FALSE
	EndGlobalSection
	GlobalSection(ExtensibilityGlobals) = postSolution
		SolutionGuid = {A06877C2-9B88-441D-AAD7-B1C53D11A09A}
	EndGlobalSection
EndGlobal
